// !$*UTF8*$!
{
	archiveVersion = 1;
	classes = {
	};
	objectVersion = 50;
	objects = {

/* Begin PBXBuildFile section */
		95127BE42364C2F800F1A4F0 /* AppDelegate.swift in Sources */ = {isa = PBXBuildFile; fileRef = 95127BE32364C2F800F1A4F0 /* AppDelegate.swift */; };
		95127BE62364C2F800F1A4F0 /* SceneDelegate.swift in Sources */ = {isa = PBXBuildFile; fileRef = 95127BE52364C2F800F1A4F0 /* SceneDelegate.swift */; };
		95127BE82364C2F800F1A4F0 /* ContentView.swift in Sources */ = {isa = PBXBuildFile; fileRef = 95127BE72364C2F800F1A4F0 /* ContentView.swift */; };
		95127BEA2364C2F900F1A4F0 /* Assets.xcassets in Resources */ = {isa = PBXBuildFile; fileRef = 95127BE92364C2F900F1A4F0 /* Assets.xcassets */; };
		95127BED2364C2F900F1A4F0 /* Preview Assets.xcassets in Resources */ = {isa = PBXBuildFile; fileRef = 95127BEC2364C2F900F1A4F0 /* Preview Assets.xcassets */; };
		95127BF02364C2F900F1A4F0 /* LaunchScreen.storyboard in Resources */ = {isa = PBXBuildFile; fileRef = 95127BEE2364C2F900F1A4F0 /* LaunchScreen.storyboard */; };
/* End PBXBuildFile section */

/* Begin PBXFileReference section */
		95127BE02364C2F800F1A4F0 /* ControlingAnimationStack.app */ = {isa = PBXFileReference; explicitFileType = wrapper.application; includeInIndex = 0; path = ControlingAnimationStack.app; sourceTree = BUILT_PRODUCTS_DIR; };
		95127BE32364C2F800F1A4F0 /* AppDelegate.swift */ = {isa = PBXFileReference; lastKnownFileType = sourcecode.swift; path = AppDelegate.swift; sourceTree = "<group>"; };
		95127BE52364C2F800F1A4F0 /* SceneDelegate.swift */ = {isa = PBXFileReference; lastKnownFileType = sourcecode.swift; path = SceneDelegate.swift; sourceTree = "<group>"; };
		95127BE72364C2F800F1A4F0 /* ContentView.swift */ = {isa = PBXFileReference; lastKnownFileType = sourcecode.swift; path = ContentView.swift; sourceTree = "<group>"; };
		95127BE92364C2F900F1A4F0 /* Assets.xcassets */ = {isa = PBXFileReference; lastKnownFileType = folder.assetcatalog; path = Assets.xcassets; sourceTree = "<group>"; };
		95127BEC2364C2F900F1A4F0 /* Preview Assets.xcassets */ = {isa = PBXFileReference; lastKnownFileType = folder.assetcatalog; path = "Preview Assets.xcassets"; sourceTree = "<group>"; };
		95127BEF2364C2F900F1A4F0 /* Base */ = {isa = PBXFileReference; lastKnownFileType = file.storyboard; name = Base; path = Base.lproj/LaunchScreen.storyboard; sourceTree = "<group>"; };
		95127BF12364C2F900F1A4F0 /* Info.plist */ = {isa = PBXFileReference; lastKnownFileType = text.plist.xml; path = Info.plist; sourceTree = "<group>"; };
/* End PBXFileReference section */

/* Begin PBXFrameworksBuildPhase section */
		95127BDD2364C2F800F1A4F0 /* Frameworks */ = {
			isa = PBXFrameworksBuildPhase;
			buildActionMask = 2147483647;
			files = (
			);
			runOnlyForDeploymentPostprocessing = 0;
		};
/* End PBXFrameworksBuildPhase section */

/* Begin PBXGroup section */
		95127BD72364C2F800F1A4F0 = {
			isa = PBXGroup;
			children = (
				95127BE22364C2F800F1A4F0 /* ControlingAnimationStack */,
				95127BE12364C2F800F1A4F0 /* Products */,
			);
			sourceTree = "<group>";
		};
		95127BE12364C2F800F1A4F0 /* Products */ = {
			isa = PBXGroup;
			children = (
				95127BE02364C2F800F1A4F0 /* ControlingAnimationStack.app */,
			);
			name = Products;
			sourceTree = "<group>";
		};
		95127BE22364C2F800F1A4F0 /* ControlingAnimationStack */ = {
			isa = PBXGroup;
			children = (
				95127BE32364C2F800F1A4F0 /* AppDelegate.swift */,
				95127BE52364C2F800F1A4F0 /* SceneDelegate.swift */,
				95127BE72364C2F800F1A4F0 /* ContentView.swift */,
				95127BE92364C2F900F1A4F0 /* Assets.xcassets */,
				95127BEE2364C2F900F1A4F0 /* LaunchScreen.storyboard */,
				95127BF12364C2F900F1A4F0 /* Info.plist */,
				95127BEB2364C2F900F1A4F0 /* Preview Content */,
			);
			path = ControlingAnimationStack;
			sourceTree = "<group>";
		};
		95127BEB2364C2F900F1A4F0 /* Preview Content */ = {
			isa = PBXGroup;
			children = (
				95127BEC2364C2F900F1A4F0 /* Preview Assets.xcassets */,
			);
			path = "Preview Content";
			sourceTree = "<group>";
		};
/* End PBXGroup section */

/* Begin PBXNativeTarget section */
		95127BDF2364C2F800F1A4F0 /* ControlingAnimationStack */ = {
			isa = PBXNativeTarget;
			buildConfigurationList = 95127BF42364C2F900F1A4F0 /* Build configuration list for PBXNativeTarget "ControlingAnimationStack" */;
			buildPhases = (
				95127BDC2364C2F800F1A4F0 /* Sources */,
				95127BDD2364C2F800F1A4F0 /* Frameworks */,
				95127BDE2364C2F800F1A4F0 /* Resources */,
			);
			buildRules = (
			);
			dependencies = (
			);
			name = ControlingAnimationStack;
			productName = ControlingAnimationStack;
			productReference = 95127BE02364C2F800F1A4F0 /* ControlingAnimationStack.app */;
			productType = "com.apple.product-type.application";
		};
/* End PBXNativeTarget section */

/* Begin PBXProject section */
		95127BD82364C2F800F1A4F0 /* Project object */ = {
			isa = PBXProject;
			attributes = {
				LastSwiftUpdateCheck = 1110;
				LastUpgradeCheck = 1110;
				ORGANIZATIONNAME = com.ri;
				TargetAttributes = {
					95127BDF2364C2F800F1A4F0 = {
						CreatedOnToolsVersion = 11.1;
					};
				};
			};
			buildConfigurationList = 95127BDB2364C2F800F1A4F0 /* Build configuration list for PBXProject "ControlingAnimationStack" */;
			compatibilityVersion = "Xcode 9.3";
			developmentRegion = en;
			hasScannedForEncodings = 0;
			knownRegions = (
				en,
				Base,
			);
			mainGroup = 95127BD72364C2F800F1A4F0;
			productRefGroup = 95127BE12364C2F800F1A4F0 /* Products */;
			projectDirPath = "";
			projectRoot = "";
			targets = (
				95127BDF2364C2F800F1A4F0 /* ControlingAnimationStack */,
			);
		};
/* End PBXProject section */

/* Begin PBXResourcesBuildPhase section */
		95127BDE2364C2F800F1A4F0 /* Resources */ = {
			isa = PBXResourcesBuildPhase;
			buildActionMask = 2147483647;
			files = (
				95127BF02364C2F900F1A4F0 /* LaunchScreen.storyboard in Resources */,
				95127BED2364C2F900F1A4F0 /* Preview Assets.xcassets in Resources */,
				95127BEA2364C2F900F1A4F0 /* Assets.xcassets in Resources */,
			);
			runOnlyForDeploymentPostprocessing = 0;
		};
/* End PBXResourcesBuildPhase section */

/* Begin PBXSourcesBuildPhase section */
		95127BDC2364C2F800F1A4F0 /* Sources */ = {
			isa = PBXSourcesBuildPhase;
			buildActionMask = 2147483647;
			files = (
				95127BE42364C2F800F1A4F0 /* AppDelegate.swift in Sources */,
				95127BE62364C2F800F1A4F0 /* SceneDelegate.swift in Sources */,
				95127BE82364C2F800F1A4F0 /* ContentView.swift in Sources */,
			);
			runOnlyForDeploymentPostprocessing = 0;
		};
/* End PBXSourcesBuildPhase section */

/* Begin PBXVariantGroup section */
		95127BEE2364C2F900F1A4F0 /* LaunchScreen.storyboard */ = {
			isa = PBXVariantGroup;
			children = (
				95127BEF2364C2F900F1A4F0 /* Base */,
			);
			name = LaunchScreen.storyboard;
			sourceTree = "<group>";
		};
/* End PBXVariantGroup section */

/* Begin XCBuildConfiguration section */
		95127BF22364C2F900F1A4F0 /* Debug */ = {
			isa = XCBuildConfiguration;
			buildSettings = {
				ALWAYS_SEARCH_USER_PATHS = NO;
				CLANG_ANALYZER_NONNULL = YES;
				CLANG_ANALYZER_NUMBER_OBJECT_CONVERSION = YES_AGGRESSIVE;
				CLANG_CXX_LANGUAGE_STANDARD = "gnu++14";
				CLANG_CXX_LIBRARY = "libc++";
				CLANG_ENABLE_MODULES = YES;
				CLANG_ENABLE_OBJC_ARC = YES;
				CLANG_ENABLE_OBJC_WEAK = YES;
				CLANG_WARN_BLOCK_CAPTURE_AUTORELEASING = YES;
				CLANG_WARN_BOOL_CONVERSION = YES;
				CLANG_WARN_COMMA = YES;
				CLANG_WARN_CONSTANT_CONVERSION = YES;
				CLANG_WARN_DEPRECATED_OBJC_IMPLEMENTATIONS = YES;
				CLANG_WARN_DIRECT_OBJC_ISA_USAGE = YES_ERROR;
				CLANG_WARN_DOCUMENTATION_COMMENTS = YES;
				CLANG_WARN_EMPTY_BODY = YES;
				CLANG_WARN_ENUM_CONVERSION = YES;
				CLANG_WARN_INFINITE_RECURSION = YES;
				CLANG_WARN_INT_CONVERSION = YES;
				CLANG_WARN_NON_LITERAL_NULL_CONVERSION = YES;
				CLANG_WARN_OBJC_IMPLICIT_RETAIN_SELF = YES;
				CLANG_WARN_OBJC_LITERAL_CONVERSION = YES;
				CLANG_WARN_OBJC_ROOT_CLASS = YES_ERROR;
				CLANG_WARN_RANGE_LOOP_ANALYSIS = YES;
				CLANG_WARN_STRICT_PROTOTYPES = YES;
				CLANG_WARN_SUSPICIOUS_MOVE = YES;
				CLANG_WARN_UNGUARDED_AVAILABILITY = YES_AGGRESSIVE;
				CLANG_WARN_UNREACHABLE_CODE = YES;
				CLANG_WARN__DUPLICATE_METHOD_MATCH = YES;
				COPY_PHASE_STRIP = NO;
				DEBUG_INFORMATION_FORMAT = dwarf;
				ENABLE_STRICT_OBJC_MSGSEND = YES;
				ENABLE_TESTABILITY = YES;
				GCC_C_LANGUAGE_STANDARD = gnu11;
				GCC_DYNAMIC_NO_PIC = NO;
				GCC_NO_COMMON_BLOCKS = YES;
				GCC_OPTIMIZATION_LEVEL = 0;
				GCC_PREPROCESSOR_DEFINITIONS = (
					"DEBUG=1",
					"$(inherited)",
				);
				GCC_WARN_64_TO_32_BIT_CONVERSION = YES;
				GCC_WARN_ABOUT_RETURN_TYPE = YES_ERROR;
				GCC_WARN_UNDECLARED_SELECTOR = YES;
				GCC_WARN_UNINITIALIZED_AUTOS = YES_AGGRESSIVE;
				GCC_WARN_UNUSED_FUNCTION = YES;
				GCC_WARN_UNUSED_VARIABLE = YES;
				IPHONEOS_DEPLOYMENT_TARGET = 13.1;
				MTL_ENABLE_DEBUG_INFO = INCLUDE_SOURCE;
				MTL_FAST_MATH = YES;
				ONLY_ACTIVE_ARCH = YES;
				SDKROOT = iphoneos;
				SWIFT_ACTIVE_COMPILATION_CONDITIONS = DEBUG;
				SWIFT_OPTIMIZATION_LEVEL = "-Onone";
			};
			name = Debug;
		};
		95127BF32364C2F900F1A4F0 /* Release */ = {
			isa = XCBuildConfiguration;
			buildSettings = {
				ALWAYS_SEARCH_USER_PATHS = NO;
				CLANG_ANALYZER_NONNULL = YES;
				CLANG_ANALYZER_NUMBER_OBJECT_CONVERSION = YES_AGGRESSIVE;
				CLANG_CXX_LANGUAGE_STANDARD = "gnu++14";
				CLANG_CXX_LIBRARY = "libc++";
				CLANG_ENABLE_MODULES = YES;
				CLANG_ENABLE_OBJC_ARC = YES;
				CLANG_ENABLE_OBJC_WEAK = YES;
				CLANG_WARN_BLOCK_CAPTURE_AUTORELEASING = YES;
				CLANG_WARN_BOOL_CONVERSION = YES;
				CLANG_WARN_COMMA = YES;
				CLANG_WARN_CONSTANT_CONVERSION = YES;
				CLANG_WARN_DEPRECATED_OBJC_IMPLEMENTATIONS = YES;
				CLANG_WARN_DIRECT_OBJC_ISA_USAGE = YES_ERROR;
				CLANG_WARN_DOCUMENTATION_COMMENTS = YES;
				CLANG_WARN_EMPTY_BODY = YES;
				CLANG_WARN_ENUM_CONVERSION = YES;
				CLANG_WARN_INFINITE_RECURSION = YES;
				CLANG_WARN_INT_CONVERSION = YES;
				CLANG_WARN_NON_LITERAL_NULL_CONVERSION = YES;
				CLANG_WARN_OBJC_IMPLICIT_RETAIN_SELF = YES;
				CLANG_WARN_OBJC_LITERAL_CONVERSION = YES;
				CLANG_WARN_OBJC_ROOT_CLASS = YES_ERROR;
				CLANG_WARN_RANGE_LOOP_ANALYSIS = YES;
				CLANG_WARN_STRICT_PROTOTYPES = YES;
				CLANG_WARN_SUSPICIOUS_MOVE = YES;
				CLANG_WARN_UNGUARDED_AVAILABILITY = YES_AGGRESSIVE;
				CLANG_WARN_UNREACHABLE_CODE = YES;
				CLANG_WARN__DUPLICATE_METHOD_MATCH = YES;
				COPY_PHASE_STRIP = NO;
				DEBUG_INFORMATION_FORMAT = "dwarf-with-dsym";
				ENABLE_NS_ASSERTIONS = NO;
				ENABLE_STRICT_OBJC_MSGSEND = YES;
				GCC_C_LANGUAGE_STANDARD = gnu11;
				GCC_NO_COMMON_BLOCKS = YES;
				GCC_WARN_64_TO_32_BIT_CONVERSION = YES;
				GCC_WARN_ABOUT_RETURN_TYPE = YES_ERROR;
				GCC_WARN_UNDECLARED_SELECTOR = YES;
				GCC_WARN_UNINITIALIZED_AUTOS = YES_AGGRESSIVE;
				GCC_WARN_UNUSED_FUNCTION = YES;
				GCC_WARN_UNUSED_VARIABLE = YES;
				IPHONEOS_DEPLOYMENT_TARGET = 13.1;
				MTL_ENABLE_DEBUG_INFO = NO;
				MTL_FAST_MATH = YES;
				SDKROOT = iphoneos;
				SWIFT_COMPILATION_MODE = wholemodule;
				SWIFT_OPTIMIZATION_LEVEL = "-O";
				VALIDATE_PRODUCT = YES;
			};
			name = Release;
		};
		95127BF52364C2F900F1A4F0 /* Debug */ = {
			isa = XCBuildConfiguration;
			buildSettings = {
				ASSETCATALOG_COMPILER_APPICON_NAME = AppIcon;
				CODE_SIGN_STYLE = Automatic;
				DEVELOPMENT_ASSET_PATHS = "\"ControlingAnimationStack/Preview Content\"";
				DEVELOPMENT_TEAM = L8W86DZDY2;
				ENABLE_PREVIEWS = YES;
				INFOPLIST_FILE = ControlingAnimationStack/Info.plist;
				LD_RUNPATH_SEARCH_PATHS = (
					"$(inherited)",
					"@executable_path/Frameworks",
				);
				PRODUCT_BUNDLE_IDENTIFIER = com.ri.ControlingAnimationStack;
				PRODUCT_NAME = "$(TARGET_NAME)";
				SWIFT_VERSION = 5.0;
				TARGETED_DEVICE_FAMILY = "1,2";
			};
			name = Debug;
		};
		95127BF62364C2F900F1A4F0 /* Release */ = {
			isa = XCBuildConfiguration;
			buildSettings = {
				ASSETCATALOG_COMPILER_APPICON_NAME = AppIcon;
				CODE_SIGN_STYLE = Automatic;
				DEVELOPMENT_ASSET_PATHS = "\"ControlingAnimationStack/Preview Content\"";
				DEVELOPMENT_TEAM = L8W86DZDY2;
				ENABLE_PREVIEWS = YES;
				INFOPLIST_FILE = ControlingAnimationStack/Info.plist;
				LD_RUNPATH_SEARCH_PATHS = (
					"$(inherited)",
					"@executable_path/Frameworks",
				);
				PRODUCT_BUNDLE_IDENTIFIER = com.ri.ControlingAnimationStack;
				PRODUCT_NAME = "$(TARGET_NAME)";
				SWIFT_VERSION = 5.0;
				TARGETED_DEVICE_FAMILY = "1,2";
			};
			name = Release;
		};
/* End XCBuildConfiguration section */

/* Begin XCConfigurationList section */
		95127BDB2364C2F800F1A4F0 /* Build configuration list for PBXProject "ControlingAnimationStack" */ = {
			isa = XCConfigurationList;
			buildConfigurations = (
				95127BF22364C2F900F1A4F0 /* Debug */,
				95127BF32364C2F900F1A4F0 /* Release */,
			);
			defaultConfigurationIsVisible = 0;
			defaultConfigurationName = Release;
		};
		95127BF42364C2F900F1A4F0 /* Build configuration list for PBXNativeTarget "ControlingAnimationStack" */ = {
			isa = XCConfigurationList;
			buildConfigurations = (
				95127BF52364C2F900F1A4F0 /* Debug */,
				95127BF62364C2F900F1A4F0 /* Release */,
			);
			defaultConfigurationIsVisible = 0;
			defaultConfigurationName = Release;
		};
/* End XCConfigurationList section */
	};
	rootObject = 95127BD82364C2F800F1A4F0 /* Project object */;
}
